%{
  "artificery": {:hex, :artificery, "0.4.2", "3ded6e29e13113af52811c72f414d1e88f711410cac1b619ab3a2666bbd7efd4", [:mix], [], "hexpm", "514586f4312ef3709a3ccbd8e55f69455add235c1729656687bb781d10d0afdb"},
  "bbmustache": {:hex, :bbmustache, "1.10.0", "ddc927463f0e95d66cdac889153af08015d609124d6d79006c248ad2de7f6ecd", [:rebar3], [], "hexpm", "43effa3fd4bb9523157af5a9e2276c493495b8459fc8737144aa186cb13ce2ee"},
  "cf": {:hex, :cf, "0.3.1", "5cb902239476e141ea70a740340233782d363a31eea8ad37049561542e6cd641", [:rebar3], [], "hexpm", "315e8d447d3a4b02bcdbfa397ad03bbb988a6e0aa6f44d3add0f4e3c3bf97672"},
  "distillery": {:hex, :distillery, "2.1.1", "f9332afc2eec8a1a2b86f22429e068ef35f84a93ea1718265e740d90dd367814", [:mix], [{:artificery, "~> 0.2", [hex: :artificery, repo: "hexpm", optional: false]}], "hexpm", "bbc7008b0161a6f130d8d903b5b3232351fccc9c31a991f8fcbf2a12ace22995"},
  "erlware_commons": {:hex, :erlware_commons, "1.3.1", "0ce192ad69bc6fd0880246d852d0ece17631e234878011d1586e053641ed4c04", [:rebar3], [{:cf, "~>0.3", [hex: :cf, repo: "hexpm", optional: false]}], "hexpm", "7aada93f368d0a0430122e39931b7fb4ac9e94dbf043cdc980ad4330fd9cd166"},
  "exrm": {:hex, :exrm, "1.0.8", "5aa8990cdfe300282828b02cefdc339e235f7916388ce99f9a1f926a9271a45d", [:mix], [{:relx, "~> 3.5", [hex: :relx, repo: "hexpm", optional: false]}], "hexpm", "4e8eebc1298fc0848f1693c527036e064f62bb609195036ecf45c0d3f0b01a7b"},
  "getopt": {:hex, :getopt, "1.0.1", "c73a9fa687b217f2ff79f68a3b637711bb1936e712b521d8ce466b29cbf7808a", [:rebar3], [], "hexpm", "53e1ab83b9ceb65c9672d3e7a35b8092e9bdc9b3ee80721471a161c10c59959c"},
  "providers": {:hex, :providers, "1.8.1", "70b4197869514344a8a60e2b2a4ef41ca03def43cfb1712ecf076a0f3c62f083", [:rebar3], [{:getopt, "1.0.1", [hex: :getopt, repo: "hexpm", optional: false]}], "hexpm", "e45745ade9c476a9a469ea0840e418ab19360dc44f01a233304e118a44486ba0"},
  "relx": {:hex, :relx, "3.33.0", "afc019320bb69881718576b3e4e1eb548c1fa3270717ba66a78004c98a77cd17", [:rebar3], [{:bbmustache, "~>1.5", [hex: :bbmustache, repo: "hexpm", optional: false]}, {:cf, "~>0.3", [hex: :cf, repo: "hexpm", optional: false]}, {:erlware_commons, "~>1.2", [hex: :erlware_commons, repo: "hexpm", optional: false]}, {:getopt, "~>1.0", [hex: :getopt, repo: "hexpm", optional: false]}, {:providers, "~>1.8", [hex: :providers, repo: "hexpm", optional: false]}], "hexpm", "6e0456139fc70bade0c45ff8a8197c5e879a57fd792f771fc632b94c5aec1eac"},
}
